{
  "requires": true,
  "lockfileVersion": 1,
  "dependencies": {
    "@fontsource/courier-prime": {
      "version": "4.1.0",
      "resolved": "https://registry.npmjs.org/@fontsource/courier-prime/-/courier-prime-4.1.0.tgz",
      "integrity": "sha512-snOh/tmWPJz6t6+l58AoglrsN9zZsz4ptOmJ2Q2EeaIqdjFRgW8Yw0ifvpTi6SA2Yqt05yFilX6EamKo9BJZrw=="
    }
  }
}
